
Microsoft Visual Studio Solution File, Format Version 12.00
# Visual Studio Version 16
VisualStudioVersion = 16.0.29230.47
MinimumVisualStudioVersion = 10.0.40219.1
Project("{2150E333-8FDC-42A3-9474-1A3956D46DE8}") = "1-Presentation", "1-Presentation", "{90520F16-7FD4-4295-85A3-11952E54930E}"
EndProject
Project("{2150E333-8FDC-42A3-9474-1A3956D46DE8}") = "2-Domain", "2-Domain", "{1156930D-7214-477A-8F42-1D1619464634}"
EndProject
Project("{FAE04EC0-301F-11D3-BF4B-00C04F79EFBC}") = "AutoMapperNetCore.Domain", "AutoMapperNetCore.Domain\AutoMapperNetCore.Domain.csproj", "{5D51931B-A5B5-433E-85B3-DE15E159DC6E}"
EndProject
Project("{FAE04EC0-301F-11D3-BF4B-00C04F79EFBC}") = "AutoMapperNetCore.Api", "AutoMapperNetCore.Api\AutoMapperNetCore.Api.csproj", "{552B14BD-3FBA-43F6-A7DA-71DB82B5DFA1}"
EndProject
Global
	GlobalSection(SolutionConfigurationPlatforms) = preSolution
		Debug|Any CPU = Debug|Any CPU
		Release|Any CPU = Release|Any CPU
	EndGlobalSection
	GlobalSection(ProjectConfigurationPlatforms) = postSolution
		{5D51931B-A5B5-433E-85B3-DE15E159DC6E}.Debug|Any CPU.ActiveCfg = Debug|Any CPU
		{5D51931B-A5B5-433E-85B3-DE15E159DC6E}.Debug|Any CPU.Build.0 = Debug|Any CPU
		{5D51931B-A5B5-433E-85B3-DE15E159DC6E}.Release|Any CPU.ActiveCfg = Release|Any CPU
		{5D51931B-A5B5-433E-85B3-DE15E159DC6E}.Release|Any CPU.Build.0 = Release|Any CPU
		{552B14BD-3FBA-43F6-A7DA-71DB82B5DFA1}.Debug|Any CPU.ActiveCfg = Debug|Any CPU
		{552B14BD-3FBA-43F6-A7DA-71DB82B5DFA1}.Debug|Any CPU.Build.0 = Debug|Any CPU
		{552B14BD-3FBA-43F6-A7DA-71DB82B5DFA1}.Release|Any CPU.ActiveCfg = Release|Any CPU
		{552B14BD-3FBA-43F6-A7DA-71DB82B5DFA1}.Release|Any CPU.Build.0 = Release|Any CPU
	EndGlobalSection
	GlobalSection(SolutionProperties) = preSolution
		HideSolutionNode = FALSE
	EndGlobalSection
	GlobalSection(NestedProjects) = preSolution
		{5D51931B-A5B5-433E-85B3-DE15E159DC6E} = {1156930D-7214-477A-8F42-1D1619464634}
		{552B14BD-3FBA-43F6-A7DA-71DB82B5DFA1} = {90520F16-7FD4-4295-85A3-11952E54930E}
	EndGlobalSection
	GlobalSection(ExtensibilityGlobals) = postSolution
		SolutionGuid = {9C2D2F5F-10C9-46D2-A3D0-D4D12B1E8B23}
	EndGlobalSection
EndGlobal
